
Microsoft Visual Studio Solution File, Format Version 12.00
# Visual Studio Version 17
VisualStudioVersion = 17.5.33502.453
MinimumVisualStudioVersion = 10.0.40219.1
Project("{2150E333-8FDC-42A3-9474-1A3956D46DE8}") = "src", "src", "{2C704F95-810B-42CA-987B-C711BF6C3456}"
EndProject
Project("{2150E333-8FDC-42A3-9474-1A3956D46DE8}") = "tests", "tests", "{91C4081C-7EC1-4082-B918-A87499FC4CBC}"
EndProject
Project("{2150E333-8FDC-42A3-9474-1A3956D46DE8}") = "Core", "Core", "{5665E84D-2C02-4F99-82B7-FF2B54A9EC19}"
EndProject
Project("{9A19103F-16F7-4668-BE54-9A1E7A4F7556}") = "SFC.Identity.Application", "src\Core\SFC.Identity.Application\SFC.Identity.Application.csproj", "{AF0357D5-CC47-4AC2-9227-1638CB940E23}"
EndProject
Project("{2150E333-8FDC-42A3-9474-1A3956D46DE8}") = "Infrastructure", "Infrastructure", "{C8A24B9E-1A80-48A5-8423-1F39E9433804}"
EndProject
Project("{9A19103F-16F7-4668-BE54-9A1E7A4F7556}") = "SFC.Identity.Infrastructure", "src\Infrastructure\SFC.Identity.Infrastructure\SFC.Identity.Infrastructure.csproj", "{6F1AE249-F571-4553-8AC9-4A952410CFBA}"
EndProject
Project("{2150E333-8FDC-42A3-9474-1A3956D46DE8}") = "API", "API", "{2F60C7FF-4DA4-497A-9DF7-276A9319677A}"
EndProject
Project("{9A19103F-16F7-4668-BE54-9A1E7A4F7556}") = "SFC.Identity.Api", "src\API\SFC.Identity.Api\SFC.Identity.Api.csproj", "{B596AE58-135F-4460-831B-D61D58F8181F}"
EndProject
Project("{9A19103F-16F7-4668-BE54-9A1E7A4F7556}") = "SFC.Identity.Infrastructure.Persistence", "src\Infrastructure\SFC.Identity.Infrastructure.Persistence\SFC.Identity.Infrastructure.Persistence.csproj", "{2F5FE3F3-31DA-410A-876F-0C7FDB762D02}"
EndProject
Project("{9A19103F-16F7-4668-BE54-9A1E7A4F7556}") = "SFC.Identity.Application.UnitTests", "tests\SFC.Identity.Application.UnitTests\SFC.Identity.Application.UnitTests.csproj", "{DD74EA9F-FA2E-4B75-A081-0A39F70C3623}"
EndProject
Project("{9A19103F-16F7-4668-BE54-9A1E7A4F7556}") = "SFC.Identity.Infrastructure.UnitTests", "tests\SFC.Identity.Infrastructure.UnitTests\SFC.Identity.Infrastructure.UnitTests.csproj", "{95A8F806-1D7E-4203-8775-09B9E256D1B6}"
EndProject
Project("{9A19103F-16F7-4668-BE54-9A1E7A4F7556}") = "SFC.Identity.Api.UnitTests", "tests\SFC.Identity.Api.Tests\SFC.Identity.Api.UnitTests.csproj", "{8BA54D5A-3E32-4780-8607-56B76A015320}"
EndProject
Project("{9A19103F-16F7-4668-BE54-9A1E7A4F7556}") = "SFC.Identity.Api.IntegrationTests", "tests\SFC.Identity.Api.IntegrationTests\SFC.Identity.Api.IntegrationTests.csproj", "{2FE72008-6897-4712-AE6D-9C60C9FE1D07}"
EndProject
Project("{2150E333-8FDC-42A3-9474-1A3956D46DE8}") = "Solution Items", "Solution Items", "{4328AA1E-3BA9-493A-A2E4-D0A883767F4E}"
	ProjectSection(SolutionItems) = preProject
		.editorconfig = .editorconfig
		.gitignore = .gitignore
		Directory.Build.props = Directory.Build.props
		.config\dotnet-tools.json = .config\dotnet-tools.json
		global.json = global.json
		nuget.config = nuget.config
	EndProjectSection
EndProject
Project("{9A19103F-16F7-4668-BE54-9A1E7A4F7556}") = "SFC.Identity.Infrastructure.Persistence.UnitTests", "tests\SFC.Identity.Infrastructure.Persistence.UnitTests\SFC.Identity.Infrastructure.Persistence.UnitTests.csproj", "{95B9929D-147E-4096-8A32-95EB88CF9268}"
EndProject
Project("{9A19103F-16F7-4668-BE54-9A1E7A4F7556}") = "SFC.Identity.Domain", "src\Core\SFC.Identity.Domain\SFC.Identity.Domain.csproj", "{9ACD69C8-0BCD-418D-9FD7-A6B555F47633}"
EndProject
Project("{2150E333-8FDC-42A3-9474-1A3956D46DE8}") = "Contracts", "Contracts", "{93D51FF1-6C71-401E-B822-51FE3925313C}"
EndProject
Project("{2150E333-8FDC-42A3-9474-1A3956D46DE8}") = "Client", "Client", "{A8C736BE-002F-49BA-8BFE-2DBD308569D6}"
EndProject
Project("{54A90642-561A-4BB1-A94E-469ADEE60C69}") = "SFC.Identity.Client", "src\Client\SFC.Identity.Client\SFC.Identity.Client.esproj", "{AB0F54EB-E073-4491-B3B3-9993F2EAE7C1}"
EndProject
Project("{9A19103F-16F7-4668-BE54-9A1E7A4F7556}") = "SFC.Identity.Messages", "src\Contracts\SFC.Identity.Messages\SFC.Identity.Messages.csproj", "{7085263F-07F6-42B6-AD58-F9459A783F95}"
EndProject
Project("{9A19103F-16F7-4668-BE54-9A1E7A4F7556}") = "SFC.Identity.Contracts", "src\Contracts\SFC.Identity.Contracts\SFC.Identity.Contracts.csproj", "{95F95312-32B6-42A8-A0CA-81FA1097076D}"
EndProject
Project("{2150E333-8FDC-42A3-9474-1A3956D46DE8}") = "tools", "tools", "{99833578-A91B-4A24-9832-5212C29B1E16}"
	ProjectSection(SolutionItems) = preProject
		tools\update-contracts.ps1 = tools\update-contracts.ps1
		tools\update-messages.ps1 = tools\update-messages.ps1
	EndProjectSection
EndProject
Project("{2150E333-8FDC-42A3-9474-1A3956D46DE8}") = ".github", ".github", "{685A28AC-CBAE-4A7B-9E93-A07CB80EF1F0}"
EndProject
Project("{2150E333-8FDC-42A3-9474-1A3956D46DE8}") = "workflows", "workflows", "{3E8B00D2-DD6F-4960-9A0E-9C8E41ED7ABB}"
	ProjectSection(SolutionItems) = preProject
		.github\workflows\configuration.yml = .github\workflows\configuration.yml
	EndProjectSection
EndProject
Project("{2150E333-8FDC-42A3-9474-1A3956D46DE8}") = ".husky", ".husky", "{DC976DC8-F1A3-4C7E-B806-865282970BEE}"
	ProjectSection(SolutionItems) = preProject
		.husky\task-runner.json = .husky\task-runner.json
	EndProjectSection
EndProject
Project("{2150E333-8FDC-42A3-9474-1A3956D46DE8}") = "hooks", "hooks", "{75C34A3A-14CB-4046-AD59-0617D13C56BC}"
	ProjectSection(SolutionItems) = preProject
		.husky\pre-commit = .husky\pre-commit
		.husky\pre-push = .husky\pre-push
	EndProjectSection
EndProject
Global
	GlobalSection(SolutionConfigurationPlatforms) = preSolution
		Debug|Any CPU = Debug|Any CPU
		Release|Any CPU = Release|Any CPU
	EndGlobalSection
	GlobalSection(ProjectConfigurationPlatforms) = postSolution
		{AF0357D5-CC47-4AC2-9227-1638CB940E23}.Debug|Any CPU.ActiveCfg = Debug|Any CPU
		{AF0357D5-CC47-4AC2-9227-1638CB940E23}.Debug|Any CPU.Build.0 = Debug|Any CPU
		{AF0357D5-CC47-4AC2-9227-1638CB940E23}.Release|Any CPU.ActiveCfg = Release|Any CPU
		{AF0357D5-CC47-4AC2-9227-1638CB940E23}.Release|Any CPU.Build.0 = Release|Any CPU
		{6F1AE249-F571-4553-8AC9-4A952410CFBA}.Debug|Any CPU.ActiveCfg = Debug|Any CPU
		{6F1AE249-F571-4553-8AC9-4A952410CFBA}.Debug|Any CPU.Build.0 = Debug|Any CPU
		{6F1AE249-F571-4553-8AC9-4A952410CFBA}.Release|Any CPU.ActiveCfg = Release|Any CPU
		{6F1AE249-F571-4553-8AC9-4A952410CFBA}.Release|Any CPU.Build.0 = Release|Any CPU
		{B596AE58-135F-4460-831B-D61D58F8181F}.Debug|Any CPU.ActiveCfg = Debug|Any CPU
		{B596AE58-135F-4460-831B-D61D58F8181F}.Debug|Any CPU.Build.0 = Debug|Any CPU
		{B596AE58-135F-4460-831B-D61D58F8181F}.Release|Any CPU.ActiveCfg = Release|Any CPU
		{B596AE58-135F-4460-831B-D61D58F8181F}.Release|Any CPU.Build.0 = Release|Any CPU
		{2F5FE3F3-31DA-410A-876F-0C7FDB762D02}.Debug|Any CPU.ActiveCfg = Debug|Any CPU
		{2F5FE3F3-31DA-410A-876F-0C7FDB762D02}.Debug|Any CPU.Build.0 = Debug|Any CPU
		{2F5FE3F3-31DA-410A-876F-0C7FDB762D02}.Release|Any CPU.ActiveCfg = Release|Any CPU
		{2F5FE3F3-31DA-410A-876F-0C7FDB762D02}.Release|Any CPU.Build.0 = Release|Any CPU
		{DD74EA9F-FA2E-4B75-A081-0A39F70C3623}.Debug|Any CPU.ActiveCfg = Debug|Any CPU
		{DD74EA9F-FA2E-4B75-A081-0A39F70C3623}.Debug|Any CPU.Build.0 = Debug|Any CPU
		{DD74EA9F-FA2E-4B75-A081-0A39F70C3623}.Release|Any CPU.ActiveCfg = Release|Any CPU
		{DD74EA9F-FA2E-4B75-A081-0A39F70C3623}.Release|Any CPU.Build.0 = Release|Any CPU
		{95A8F806-1D7E-4203-8775-09B9E256D1B6}.Debug|Any CPU.ActiveCfg = Debug|Any CPU
		{95A8F806-1D7E-4203-8775-09B9E256D1B6}.Debug|Any CPU.Build.0 = Debug|Any CPU
		{95A8F806-1D7E-4203-8775-09B9E256D1B6}.Release|Any CPU.ActiveCfg = Release|Any CPU
		{95A8F806-1D7E-4203-8775-09B9E256D1B6}.Release|Any CPU.Build.0 = Release|Any CPU
		{8BA54D5A-3E32-4780-8607-56B76A015320}.Debug|Any CPU.ActiveCfg = Debug|Any CPU
		{8BA54D5A-3E32-4780-8607-56B76A015320}.Debug|Any CPU.Build.0 = Debug|Any CPU
		{8BA54D5A-3E32-4780-8607-56B76A015320}.Release|Any CPU.ActiveCfg = Release|Any CPU
		{8BA54D5A-3E32-4780-8607-56B76A015320}.Release|Any CPU.Build.0 = Release|Any CPU
		{2FE72008-6897-4712-AE6D-9C60C9FE1D07}.Debug|Any CPU.ActiveCfg = Debug|Any CPU
		{2FE72008-6897-4712-AE6D-9C60C9FE1D07}.Debug|Any CPU.Build.0 = Debug|Any CPU
		{2FE72008-6897-4712-AE6D-9C60C9FE1D07}.Release|Any CPU.ActiveCfg = Release|Any CPU
		{2FE72008-6897-4712-AE6D-9C60C9FE1D07}.Release|Any CPU.Build.0 = Release|Any CPU
		{95B9929D-147E-4096-8A32-95EB88CF9268}.Debug|Any CPU.ActiveCfg = Debug|Any CPU
		{95B9929D-147E-4096-8A32-95EB88CF9268}.Debug|Any CPU.Build.0 = Debug|Any CPU
		{95B9929D-147E-4096-8A32-95EB88CF9268}.Release|Any CPU.ActiveCfg = Release|Any CPU
		{95B9929D-147E-4096-8A32-95EB88CF9268}.Release|Any CPU.Build.0 = Release|Any CPU
		{9ACD69C8-0BCD-418D-9FD7-A6B555F47633}.Debug|Any CPU.ActiveCfg = Debug|Any CPU
		{9ACD69C8-0BCD-418D-9FD7-A6B555F47633}.Debug|Any CPU.Build.0 = Debug|Any CPU
		{9ACD69C8-0BCD-418D-9FD7-A6B555F47633}.Release|Any CPU.ActiveCfg = Release|Any CPU
		{9ACD69C8-0BCD-418D-9FD7-A6B555F47633}.Release|Any CPU.Build.0 = Release|Any CPU
		{AB0F54EB-E073-4491-B3B3-9993F2EAE7C1}.Debug|Any CPU.ActiveCfg = Debug|Any CPU
		{AB0F54EB-E073-4491-B3B3-9993F2EAE7C1}.Debug|Any CPU.Build.0 = Debug|Any CPU
		{AB0F54EB-E073-4491-B3B3-9993F2EAE7C1}.Debug|Any CPU.Deploy.0 = Debug|Any CPU
		{AB0F54EB-E073-4491-B3B3-9993F2EAE7C1}.Release|Any CPU.ActiveCfg = Release|Any CPU
		{AB0F54EB-E073-4491-B3B3-9993F2EAE7C1}.Release|Any CPU.Build.0 = Release|Any CPU
		{AB0F54EB-E073-4491-B3B3-9993F2EAE7C1}.Release|Any CPU.Deploy.0 = Release|Any CPU
		{7085263F-07F6-42B6-AD58-F9459A783F95}.Debug|Any CPU.ActiveCfg = Debug|Any CPU
		{7085263F-07F6-42B6-AD58-F9459A783F95}.Debug|Any CPU.Build.0 = Debug|Any CPU
		{7085263F-07F6-42B6-AD58-F9459A783F95}.Release|Any CPU.ActiveCfg = Release|Any CPU
		{7085263F-07F6-42B6-AD58-F9459A783F95}.Release|Any CPU.Build.0 = Release|Any CPU
		{95F95312-32B6-42A8-A0CA-81FA1097076D}.Debug|Any CPU.ActiveCfg = Debug|Any CPU
		{95F95312-32B6-42A8-A0CA-81FA1097076D}.Debug|Any CPU.Build.0 = Debug|Any CPU
		{95F95312-32B6-42A8-A0CA-81FA1097076D}.Release|Any CPU.ActiveCfg = Release|Any CPU
		{95F95312-32B6-42A8-A0CA-81FA1097076D}.Release|Any CPU.Build.0 = Release|Any CPU
	EndGlobalSection
	GlobalSection(SolutionProperties) = preSolution
		HideSolutionNode = FALSE
	EndGlobalSection
	GlobalSection(NestedProjects) = preSolution
		{5665E84D-2C02-4F99-82B7-FF2B54A9EC19} = {2C704F95-810B-42CA-987B-C711BF6C3456}
		{AF0357D5-CC47-4AC2-9227-1638CB940E23} = {5665E84D-2C02-4F99-82B7-FF2B54A9EC19}
		{C8A24B9E-1A80-48A5-8423-1F39E9433804} = {2C704F95-810B-42CA-987B-C711BF6C3456}
		{6F1AE249-F571-4553-8AC9-4A952410CFBA} = {C8A24B9E-1A80-48A5-8423-1F39E9433804}
		{2F60C7FF-4DA4-497A-9DF7-276A9319677A} = {2C704F95-810B-42CA-987B-C711BF6C3456}
		{B596AE58-135F-4460-831B-D61D58F8181F} = {2F60C7FF-4DA4-497A-9DF7-276A9319677A}
		{2F5FE3F3-31DA-410A-876F-0C7FDB762D02} = {C8A24B9E-1A80-48A5-8423-1F39E9433804}
		{DD74EA9F-FA2E-4B75-A081-0A39F70C3623} = {91C4081C-7EC1-4082-B918-A87499FC4CBC}
		{95A8F806-1D7E-4203-8775-09B9E256D1B6} = {91C4081C-7EC1-4082-B918-A87499FC4CBC}
		{8BA54D5A-3E32-4780-8607-56B76A015320} = {91C4081C-7EC1-4082-B918-A87499FC4CBC}
		{2FE72008-6897-4712-AE6D-9C60C9FE1D07} = {91C4081C-7EC1-4082-B918-A87499FC4CBC}
		{95B9929D-147E-4096-8A32-95EB88CF9268} = {91C4081C-7EC1-4082-B918-A87499FC4CBC}
		{9ACD69C8-0BCD-418D-9FD7-A6B555F47633} = {5665E84D-2C02-4F99-82B7-FF2B54A9EC19}
		{93D51FF1-6C71-401E-B822-51FE3925313C} = {2C704F95-810B-42CA-987B-C711BF6C3456}
		{A8C736BE-002F-49BA-8BFE-2DBD308569D6} = {2C704F95-810B-42CA-987B-C711BF6C3456}
		{AB0F54EB-E073-4491-B3B3-9993F2EAE7C1} = {A8C736BE-002F-49BA-8BFE-2DBD308569D6}
		{7085263F-07F6-42B6-AD58-F9459A783F95} = {93D51FF1-6C71-401E-B822-51FE3925313C}
		{95F95312-32B6-42A8-A0CA-81FA1097076D} = {93D51FF1-6C71-401E-B822-51FE3925313C}
		{99833578-A91B-4A24-9832-5212C29B1E16} = {4328AA1E-3BA9-493A-A2E4-D0A883767F4E}
		{685A28AC-CBAE-4A7B-9E93-A07CB80EF1F0} = {4328AA1E-3BA9-493A-A2E4-D0A883767F4E}
		{3E8B00D2-DD6F-4960-9A0E-9C8E41ED7ABB} = {685A28AC-CBAE-4A7B-9E93-A07CB80EF1F0}
		{DC976DC8-F1A3-4C7E-B806-865282970BEE} = {4328AA1E-3BA9-493A-A2E4-D0A883767F4E}
		{75C34A3A-14CB-4046-AD59-0617D13C56BC} = {DC976DC8-F1A3-4C7E-B806-865282970BEE}
	EndGlobalSection
	GlobalSection(ExtensibilityGlobals) = postSolution
		SolutionGuid = {9DADF67B-0150-48FA-B103-9460262A7AA4}
	EndGlobalSection
EndGlobal
